// !$*UTF8*$!
{
	archiveVersion = 1;
	classes = {
	};
	objectVersion = 46;
	objects = {

/* Begin PBXBuildFile section */
		185B6D161BCE9F8400938CEB /* main.m in Sources */ = {isa = PBXBuildFile; fileRef = 185B6D151BCE9F8400938CEB /* main.m */; };
		185B6D191BCE9F8400938CEB /* AppDelegate.m in Sources */ = {isa = PBXBuildFile; fileRef = 185B6D181BCE9F8400938CEB /* AppDelegate.m */; };
		185B6D1F1BCE9F8400938CEB /* Main.storyboard in Resources */ = {isa = PBXBuildFile; fileRef = 185B6D1D1BCE9F8400938CEB /* Main.storyboard */; };
		185B6D211BCE9F8400938CEB /* Assets.xcassets in Resources */ = {isa = PBXBuildFile; fileRef = 185B6D201BCE9F8400938CEB /* Assets.xcassets */; };
		185B6D241BCE9F8400938CEB /* LaunchScreen.storyboard in Resources */ = {isa = PBXBuildFile; fileRef = 185B6D221BCE9F8400938CEB /* LaunchScreen.storyboard */; };
		185B6D2F1BCE9F8400938CEB /* _1_itcastLotteryTests.m in Sources */ = {isa = PBXBuildFile; fileRef = 185B6D2E1BCE9F8400938CEB /* _1_itcastLotteryTests.m */; };
		185B6D3A1BCE9F8400938CEB /* _1_itcastLotteryUITests.m in Sources */ = {isa = PBXBuildFile; fileRef = 185B6D391BCE9F8400938CEB /* _1_itcastLotteryUITests.m */; };
		185B6D561BCEA68A00938CEB /* PFTabberController.m in Sources */ = {isa = PBXBuildFile; fileRef = 185B6D551BCEA68A00938CEB /* PFTabberController.m */; settings = {ASSET_TAGS = (); }; };
		185B6D591BCEB96100938CEB /* PFTabBarButton.m in Sources */ = {isa = PBXBuildFile; fileRef = 185B6D581BCEB96100938CEB /* PFTabBarButton.m */; settings = {ASSET_TAGS = (); }; };
		185B6D5C1BCEC17D00938CEB /* PFTabBar.m in Sources */ = {isa = PBXBuildFile; fileRef = 185B6D5B1BCEC17D00938CEB /* PFTabBar.m */; settings = {ASSET_TAGS = (); }; };
/* End PBXBuildFile section */

/* Begin PBXContainerItemProxy section */
		185B6D2B1BCE9F8400938CEB /* PBXContainerItemProxy */ = {
			isa = PBXContainerItemProxy;
			containerPortal = 185B6D091BCE9F8400938CEB /* Project object */;
			proxyType = 1;
			remoteGlobalIDString = 185B6D101BCE9F8400938CEB;
			remoteInfo = "01-itcastLottery";
		};
		185B6D361BCE9F8400938CEB /* PBXContainerItemProxy */ = {
			isa = PBXContainerItemProxy;
			containerPortal = 185B6D091BCE9F8400938CEB /* Project object */;
			proxyType = 1;
			remoteGlobalIDString = 185B6D101BCE9F8400938CEB;
			remoteInfo = "01-itcastLottery";
		};
/* End PBXContainerItemProxy section */

/* Begin PBXFileReference section */
		185B6D111BCE9F8400938CEB /* 01-itcastLottery.app */ = {isa = PBXFileReference; explicitFileType = wrapper.application; includeInIndex = 0; path = "01-itcastLottery.app"; sourceTree = BUILT_PRODUCTS_DIR; };
		185B6D151BCE9F8400938CEB /* main.m */ = {isa = PBXFileReference; lastKnownFileType = sourcecode.c.objc; path = main.m; sourceTree = "<group>"; };
		185B6D171BCE9F8400938CEB /* AppDelegate.h */ = {isa = PBXFileReference; lastKnownFileType = sourcecode.c.h; path = AppDelegate.h; sourceTree = "<group>"; };
		185B6D181BCE9F8400938CEB /* AppDelegate.m */ = {isa = PBXFileReference; lastKnownFileType = sourcecode.c.objc; path = AppDelegate.m; sourceTree = "<group>"; };
		185B6D1E1BCE9F8400938CEB /* Base */ = {isa = PBXFileReference; lastKnownFileType = file.storyboard; name = Base; path = Base.lproj/Main.storyboard; sourceTree = "<group>"; };
		185B6D201BCE9F8400938CEB /* Assets.xcassets */ = {isa = PBXFileReference; lastKnownFileType = folder.assetcatalog; path = Assets.xcassets; sourceTree = "<group>"; };
		185B6D231BCE9F8400938CEB /* Base */ = {isa = PBXFileReference; lastKnownFileType = file.storyboard; name = Base; path = Base.lproj/LaunchScreen.storyboard; sourceTree = "<group>"; };
		185B6D251BCE9F8400938CEB /* Info.plist */ = {isa = PBXFileReference; lastKnownFileType = text.plist.xml; path = Info.plist; sourceTree = "<group>"; };
		185B6D2A1BCE9F8400938CEB /* 01-itcastLotteryTests.xctest */ = {isa = PBXFileReference; explicitFileType = wrapper.cfbundle; includeInIndex = 0; path = "01-itcastLotteryTests.xctest"; sourceTree = BUILT_PRODUCTS_DIR; };
		185B6D2E1BCE9F8400938CEB /* _1_itcastLotteryTests.m */ = {isa = PBXFileReference; lastKnownFileType = sourcecode.c.objc; path = _1_itcastLotteryTests.m; sourceTree = "<group>"; };
		185B6D301BCE9F8400938CEB /* Info.plist */ = {isa = PBXFileReference; lastKnownFileType = text.plist.xml; path = Info.plist; sourceTree = "<group>"; };
		185B6D351BCE9F8400938CEB /* 01-itcastLotteryUITests.xctest */ = {isa = PBXFileReference; explicitFileType = wrapper.cfbundle; includeInIndex = 0; path = "01-itcastLotteryUITests.xctest"; sourceTree = BUILT_PRODUCTS_DIR; };
		185B6D391BCE9F8400938CEB /* _1_itcastLotteryUITests.m */ = {isa = PBXFileReference; lastKnownFileType = sourcecode.c.objc; path = _1_itcastLotteryUITests.m; sourceTree = "<group>"; };
		185B6D3B1BCE9F8400938CEB /* Info.plist */ = {isa = PBXFileReference; lastKnownFileType = text.plist.xml; path = Info.plist; sourceTree = "<group>"; };
		185B6D541BCEA68A00938CEB /* PFTabberController.h */ = {isa = PBXFileReference; fileEncoding = 4; lastKnownFileType = sourcecode.c.h; path = PFTabberController.h; sourceTree = "<group>"; };
		185B6D551BCEA68A00938CEB /* PFTabberController.m */ = {isa = PBXFileReference; fileEncoding = 4; lastKnownFileType = sourcecode.c.objc; path = PFTabberController.m; sourceTree = "<group>"; };
		185B6D571BCEB96100938CEB /* PFTabBarButton.h */ = {isa = PBXFileReference; fileEncoding = 4; lastKnownFileType = sourcecode.c.h; path = PFTabBarButton.h; sourceTree = "<group>"; };
		185B6D581BCEB96100938CEB /* PFTabBarButton.m */ = {isa = PBXFileReference; fileEncoding = 4; lastKnownFileType = sourcecode.c.objc; path = PFTabBarButton.m; sourceTree = "<group>"; };
		185B6D5A1BCEC17D00938CEB /* PFTabBar.h */ = {isa = PBXFileReference; fileEncoding = 4; lastKnownFileType = sourcecode.c.h; path = PFTabBar.h; sourceTree = "<group>"; };
		185B6D5B1BCEC17D00938CEB /* PFTabBar.m */ = {isa = PBXFileReference; fileEncoding = 4; lastKnownFileType = sourcecode.c.objc; path = PFTabBar.m; sourceTree = "<group>"; };
/* End PBXFileReference section */

/* Begin PBXFrameworksBuildPhase section */
		185B6D0E1BCE9F8400938CEB /* Frameworks */ = {
			isa = PBXFrameworksBuildPhase;
			buildActionMask = 2147483647;
			files = (
			);
			runOnlyForDeploymentPostprocessing = 0;
		};
		185B6D271BCE9F8400938CEB /* Frameworks */ = {
			isa = PBXFrameworksBuildPhase;
			buildActionMask = 2147483647;
			files = (
			);
			runOnlyForDeploymentPostprocessing = 0;
		};
		185B6D321BCE9F8400938CEB /* Frameworks */ = {
			isa = PBXFrameworksBuildPhase;
			buildActionMask = 2147483647;
			files = (
			);
			runOnlyForDeploymentPostprocessing = 0;
		};
/* End PBXFrameworksBuildPhase section */

/* Begin PBXGroup section */
		185B6D081BCE9F8400938CEB = {
			isa = PBXGroup;
			children = (
				185B6D131BCE9F8400938CEB /* 01-itcastLottery */,
				185B6D2D1BCE9F8400938CEB /* 01-itcastLotteryTests */,
				185B6D381BCE9F8400938CEB /* 01-itcastLotteryUITests */,
				185B6D121BCE9F8400938CEB /* Products */,
			);
			sourceTree = "<group>";
		};
		185B6D121BCE9F8400938CEB /* Products */ = {
			isa = PBXGroup;
			children = (
				185B6D111BCE9F8400938CEB /* 01-itcastLottery.app */,
				185B6D2A1BCE9F8400938CEB /* 01-itcastLotteryTests.xctest */,
				185B6D351BCE9F8400938CEB /* 01-itcastLotteryUITests.xctest */,
			);
			name = Products;
			sourceTree = "<group>";
		};
		185B6D131BCE9F8400938CEB /* 01-itcastLottery */ = {
			isa = PBXGroup;
			children = (
				185B6D471BCEA44800938CEB /* Classes */,
				185B6D171BCE9F8400938CEB /* AppDelegate.h */,
				185B6D181BCE9F8400938CEB /* AppDelegate.m */,
				185B6D201BCE9F8400938CEB /* Assets.xcassets */,
				185B6D141BCE9F8400938CEB /* Supporting Files */,
			);
			path = "01-itcastLottery";
			sourceTree = "<group>";
		};
		185B6D141BCE9F8400938CEB /* Supporting Files */ = {
			isa = PBXGroup;
			children = (
				185B6D221BCE9F8400938CEB /* LaunchScreen.storyboard */,
				185B6D1D1BCE9F8400938CEB /* Main.storyboard */,
				185B6D251BCE9F8400938CEB /* Info.plist */,
				185B6D151BCE9F8400938CEB /* main.m */,
			);
			name = "Supporting Files";
			sourceTree = "<group>";
		};
		185B6D2D1BCE9F8400938CEB /* 01-itcastLotteryTests */ = {
			isa = PBXGroup;
			children = (
				185B6D2E1BCE9F8400938CEB /* _1_itcastLotteryTests.m */,
				185B6D301BCE9F8400938CEB /* Info.plist */,
			);
			path = "01-itcastLotteryTests";
			sourceTree = "<group>";
		};
		185B6D381BCE9F8400938CEB /* 01-itcastLotteryUITests */ = {
			isa = PBXGroup;
			children = (
				185B6D391BCE9F8400938CEB /* _1_itcastLotteryUITests.m */,
				185B6D3B1BCE9F8400938CEB /* Info.plist */,
			);
			path = "01-itcastLotteryUITests";
			sourceTree = "<group>";
		};
		185B6D471BCEA44800938CEB /* Classes */ = {
			isa = PBXGroup;
			children = (
				185B6D501BCEA4A700938CEB /* Hall */,
				185B6D4C1BCEA48700938CEB /* Setting */,
				185B6D481BCEA44E00938CEB /* Main */,
			);
			name = Classes;
			sourceTree = "<group>";
		};
		185B6D481BCEA44E00938CEB /* Main */ = {
			isa = PBXGroup;
			children = (
				185B6D4B1BCEA48000938CEB /* View */,
				185B6D4A1BCEA47A00938CEB /* Model */,
				185B6D491BCEA46E00938CEB /* Control */,
			);
			name = Main;
			sourceTree = "<group>";
		};
		185B6D491BCEA46E00938CEB /* Control */ = {
			isa = PBXGroup;
			children = (
				185B6D541BCEA68A00938CEB /* PFTabberController.h */,
				185B6D551BCEA68A00938CEB /* PFTabberController.m */,
			);
			name = Control;
			sourceTree = "<group>";
		};
		185B6D4A1BCEA47A00938CEB /* Model */ = {
			isa = PBXGroup;
			children = (
			);
			name = Model;
			sourceTree = "<group>";
		};
		185B6D4B1BCEA48000938CEB /* View */ = {
			isa = PBXGroup;
			children = (
				185B6D571BCEB96100938CEB /* PFTabBarButton.h */,
				185B6D581BCEB96100938CEB /* PFTabBarButton.m */,
				185B6D5A1BCEC17D00938CEB /* PFTabBar.h */,
				185B6D5B1BCEC17D00938CEB /* PFTabBar.m */,
			);
			name = View;
			sourceTree = "<group>";
		};
		185B6D4C1BCEA48700938CEB /* Setting */ = {
			isa = PBXGroup;
			children = (
				185B6D4F1BCEA4A100938CEB /* View */,
				185B6D4E1BCEA49A00938CEB /* Model */,
				185B6D4D1BCEA49300938CEB /* Control */,
			);
			name = Setting;
			sourceTree = "<group>";
		};
		185B6D4D1BCEA49300938CEB /* Control */ = {
			isa = PBXGroup;
			children = (
			);
			name = Control;
			sourceTree = "<group>";
		};
		185B6D4E1BCEA49A00938CEB /* Model */ = {
			isa = PBXGroup;
			children = (
			);
			name = Model;
			sourceTree = "<group>";
		};
		185B6D4F1BCEA4A100938CEB /* View */ = {
			isa = PBXGroup;
			children = (
			);
			name = View;
			sourceTree = "<group>";
		};
		185B6D501BCEA4A700938CEB /* Hall */ = {
			isa = PBXGroup;
			children = (
				185B6D531BCEA4D800938CEB /* View */,
				185B6D521BCEA4CC00938CEB /* Model */,
				185B6D511BCEA4C100938CEB /* Control */,
			);
			name = Hall;
			sourceTree = "<group>";
		};
		185B6D511BCEA4C100938CEB /* Control */ = {
			isa = PBXGroup;
			children = (
			);
			name = Control;
			sourceTree = "<group>";
		};
		185B6D521BCEA4CC00938CEB /* Model */ = {
			isa = PBXGroup;
			children = (
			);
			name = Model;
			sourceTree = "<group>";
		};
		185B6D531BCEA4D800938CEB /* View */ = {
			isa = PBXGroup;
			children = (
			);
			name = View;
			sourceTree = "<group>";
		};
/* End PBXGroup section */

/* Begin PBXNativeTarget section */
		185B6D101BCE9F8400938CEB /* 01-itcastLottery */ = {
			isa = PBXNativeTarget;
			buildConfigurationList = 185B6D3E1BCE9F8400938CEB /* Build configuration list for PBXNativeTarget "01-itcastLottery" */;
			buildPhases = (
				185B6D0D1BCE9F8400938CEB /* Sources */,
				185B6D0E1BCE9F8400938CEB /* Frameworks */,
				185B6D0F1BCE9F8400938CEB /* Resources */,
			);
			buildRules = (
			);
			dependencies = (
			);
			name = "01-itcastLottery";
			productName = "01-itcastLottery";
			productReference = 185B6D111BCE9F8400938CEB /* 01-itcastLottery.app */;
			productType = "com.apple.product-type.application";
		};
		185B6D291BCE9F8400938CEB /* 01-itcastLotteryTests */ = {
			isa = PBXNativeTarget;
			buildConfigurationList = 185B6D411BCE9F8400938CEB /* Build configuration list for PBXNativeTarget "01-itcastLotteryTests" */;
			buildPhases = (
				185B6D261BCE9F8400938CEB /* Sources */,
				185B6D271BCE9F8400938CEB /* Frameworks */,
				185B6D281BCE9F8400938CEB /* Resources */,
			);
			buildRules = (
			);
			dependencies = (
				185B6D2C1BCE9F8400938CEB /* PBXTargetDependency */,
			);
			name = "01-itcastLotteryTests";
			productName = "01-itcastLotteryTests";
			productReference = 185B6D2A1BCE9F8400938CEB /* 01-itcastLotteryTests.xctest */;
			productType = "com.apple.product-type.bundle.unit-test";
		};
		185B6D341BCE9F8400938CEB /* 01-itcastLotteryUITests */ = {
			isa = PBXNativeTarget;
			buildConfigurationList = 185B6D441BCE9F8400938CEB /* Build configuration list for PBXNativeTarget "01-itcastLotteryUITests" */;
			buildPhases = (
				185B6D311BCE9F8400938CEB /* Sources */,
				185B6D321BCE9F8400938CEB /* Frameworks */,
				185B6D331BCE9F8400938CEB /* Resources */,
			);
			buildRules = (
			);
			dependencies = (
				185B6D371BCE9F8400938CEB /* PBXTargetDependency */,
			);
			name = "01-itcastLotteryUITests";
			productName = "01-itcastLotteryUITests";
			productReference = 185B6D351BCE9F8400938CEB /* 01-itcastLotteryUITests.xctest */;
			productType = "com.apple.product-type.bundle.ui-testing";
		};
/* End PBXNativeTarget section */

/* Begin PBXProject section */
		185B6D091BCE9F8400938CEB /* Project object */ = {
			isa = PBXProject;
			attributes = {
				LastUpgradeCheck = 0700;
				ORGANIZATIONNAME = DF;
				TargetAttributes = {
					185B6D101BCE9F8400938CEB = {
						CreatedOnToolsVersion = 7.0.1;
					};
					185B6D291BCE9F8400938CEB = {
						CreatedOnToolsVersion = 7.0.1;
						TestTargetID = 185B6D101BCE9F8400938CEB;
					};
					185B6D341BCE9F8400938CEB = {
						CreatedOnToolsVersion = 7.0.1;
						TestTargetID = 185B6D101BCE9F8400938CEB;
					};
				};
			};
			buildConfigurationList = 185B6D0C1BCE9F8400938CEB /* Build configuration list for PBXProject "01-itcastLottery" */;
			compatibilityVersion = "Xcode 3.2";
			developmentRegion = English;
			hasScannedForEncodings = 0;
			knownRegions = (
				en,
				Base,
			);
			mainGroup = 185B6D081BCE9F8400938CEB;
			productRefGroup = 185B6D121BCE9F8400938CEB /* Products */;
			projectDirPath = "";
			projectRoot = "";
			targets = (
				185B6D101BCE9F8400938CEB /* 01-itcastLottery */,
				185B6D291BCE9F8400938CEB /* 01-itcastLotteryTests */,
				185B6D341BCE9F8400938CEB /* 01-itcastLotteryUITests */,
			);
		};
/* End PBXProject section */

/* Begin PBXResourcesBuildPhase section */
		185B6D0F1BCE9F8400938CEB /* Resources */ = {
			isa = PBXResourcesBuildPhase;
			buildActionMask = 2147483647;
			files = (
				185B6D241BCE9F8400938CEB /* LaunchScreen.storyboard in Resources */,
				185B6D211BCE9F8400938CEB /* Assets.xcassets in Resources */,
				185B6D1F1BCE9F8400938CEB /* Main.storyboard in Resources */,
			);
			runOnlyForDeploymentPostprocessing = 0;
		};
		185B6D281BCE9F8400938CEB /* Resources */ = {
			isa = PBXResourcesBuildPhase;
			buildActionMask = 2147483647;
			files = (
			);
			runOnlyForDeploymentPostprocessing = 0;
		};
		185B6D331BCE9F8400938CEB /* Resources */ = {
			isa = PBXResourcesBuildPhase;
			buildActionMask = 2147483647;
			files = (
			);
			runOnlyForDeploymentPostprocessing = 0;
		};
/* End PBXResourcesBuildPhase section */

/* Begin PBXSourcesBuildPhase section */
		185B6D0D1BCE9F8400938CEB /* Sources */ = {
			isa = PBXSourcesBuildPhase;
			buildActionMask = 2147483647;
			files = (
				185B6D191BCE9F8400938CEB /* AppDelegate.m in Sources */,
				185B6D591BCEB96100938CEB /* PFTabBarButton.m in Sources */,
				185B6D5C1BCEC17D00938CEB /* PFTabBar.m in Sources */,
				185B6D561BCEA68A00938CEB /* PFTabberController.m in Sources */,
				185B6D161BCE9F8400938CEB /* main.m in Sources */,
			);
			runOnlyForDeploymentPostprocessing = 0;
		};
		185B6D261BCE9F8400938CEB /* Sources */ = {
			isa = PBXSourcesBuildPhase;
			buildActionMask = 2147483647;
			files = (
				185B6D2F1BCE9F8400938CEB /* _1_itcastLotteryTests.m in Sources */,
			);
			runOnlyForDeploymentPostprocessing = 0;
		};
		185B6D311BCE9F8400938CEB /* Sources */ = {
			isa = PBXSourcesBuildPhase;
			buildActionMask = 2147483647;
			files = (
				185B6D3A1BCE9F8400938CEB /* _1_itcastLotteryUITests.m in Sources */,
			);
			runOnlyForDeploymentPostprocessing = 0;
		};
/* End PBXSourcesBuildPhase section */

/* Begin PBXTargetDependency section */
		185B6D2C1BCE9F8400938CEB /* PBXTargetDependency */ = {
			isa = PBXTargetDependency;
			target = 185B6D101BCE9F8400938CEB /* 01-itcastLottery */;
			targetProxy = 185B6D2B1BCE9F8400938CEB /* PBXContainerItemProxy */;
		};
		185B6D371BCE9F8400938CEB /* PBXTargetDependency */ = {
			isa = PBXTargetDependency;
			target = 185B6D101BCE9F8400938CEB /* 01-itcastLottery */;
			targetProxy = 185B6D361BCE9F8400938CEB /* PBXContainerItemProxy */;
		};
/* End PBXTargetDependency section */

/* Begin PBXVariantGroup section */
		185B6D1D1BCE9F8400938CEB /* Main.storyboard */ = {
			isa = PBXVariantGroup;
			children = (
				185B6D1E1BCE9F8400938CEB /* Base */,
			);
			name = Main.storyboard;
			sourceTree = "<group>";
		};
		185B6D221BCE9F8400938CEB /* LaunchScreen.storyboard */ = {
			isa = PBXVariantGroup;
			children = (
				185B6D231BCE9F8400938CEB /* Base */,
			);
			name = LaunchScreen.storyboard;
			sourceTree = "<group>";
		};
/* End PBXVariantGroup section */

/* Begin XCBuildConfiguration section */
		185B6D3C1BCE9F8400938CEB /* Debug */ = {
			isa = XCBuildConfiguration;
			buildSettings = {
				ALWAYS_SEARCH_USER_PATHS = NO;
				CLANG_CXX_LANGUAGE_STANDARD = "gnu++0x";
				CLANG_CXX_LIBRARY = "libc++";
				CLANG_ENABLE_MODULES = YES;
				CLANG_ENABLE_OBJC_ARC = YES;
				CLANG_WARN_BOOL_CONVERSION = YES;
				CLANG_WARN_CONSTANT_CONVERSION = YES;
				CLANG_WARN_DIRECT_OBJC_ISA_USAGE = YES_ERROR;
				CLANG_WARN_EMPTY_BODY = YES;
				CLANG_WARN_ENUM_CONVERSION = YES;
				CLANG_WARN_INT_CONVERSION = YES;
				CLANG_WARN_OBJC_ROOT_CLASS = YES_ERROR;
				CLANG_WARN_UNREACHABLE_CODE = YES;
				CLANG_WARN__DUPLICATE_METHOD_MATCH = YES;
				"CODE_SIGN_IDENTITY[sdk=iphoneos*]" = "iPhone Developer";
				COPY_PHASE_STRIP = NO;
				DEBUG_INFORMATION_FORMAT = dwarf;
				ENABLE_STRICT_OBJC_MSGSEND = YES;
				ENABLE_TESTABILITY = YES;
				GCC_C_LANGUAGE_STANDARD = gnu99;
				GCC_DYNAMIC_NO_PIC = NO;
				GCC_NO_COMMON_BLOCKS = YES;
				GCC_OPTIMIZATION_LEVEL = 0;
				GCC_PREPROCESSOR_DEFINITIONS = (
					"DEBUG=1",
					"$(inherited)",
				);
				GCC_WARN_64_TO_32_BIT_CONVERSION = YES;
				GCC_WARN_ABOUT_RETURN_TYPE = YES_ERROR;
				GCC_WARN_UNDECLARED_SELECTOR = YES;
				GCC_WARN_UNINITIALIZED_AUTOS = YES_AGGRESSIVE;
				GCC_WARN_UNUSED_FUNCTION = YES;
				GCC_WARN_UNUSED_VARIABLE = YES;
				IPHONEOS_DEPLOYMENT_TARGET = 9.0;
				MTL_ENABLE_DEBUG_INFO = YES;
				ONLY_ACTIVE_ARCH = YES;
				SDKROOT = iphoneos;
			};
			name = Debug;
		};
		185B6D3D1BCE9F8400938CEB /* Release */ = {
			isa = XCBuildConfiguration;
			buildSettings = {
				ALWAYS_SEARCH_USER_PATHS = NO;
				CLANG_CXX_LANGUAGE_STANDARD = "gnu++0x";
				CLANG_CXX_LIBRARY = "libc++";
				CLANG_ENABLE_MODULES = YES;
				CLANG_ENABLE_OBJC_ARC = YES;
				CLANG_WARN_BOOL_CONVERSION = YES;
				CLANG_WARN_CONSTANT_CONVERSION = YES;
				CLANG_WARN_DIRECT_OBJC_ISA_USAGE = YES_ERROR;
				CLANG_WARN_EMPTY_BODY = YES;
				CLANG_WARN_ENUM_CONVERSION = YES;
				CLANG_WARN_INT_CONVERSION = YES;
				CLANG_WARN_OBJC_ROOT_CLASS = YES_ERROR;
				CLANG_WARN_UNREACHABLE_CODE = YES;
				CLANG_WARN__DUPLICATE_METHOD_MATCH = YES;
				"CODE_SIGN_IDENTITY[sdk=iphoneos*]" = "iPhone Developer";
				COPY_PHASE_STRIP = NO;
				DEBUG_INFORMATION_FORMAT = "dwarf-with-dsym";
				ENABLE_NS_ASSERTIONS = NO;
				ENABLE_STRICT_OBJC_MSGSEND = YES;
				GCC_C_LANGUAGE_STANDARD = gnu99;
				GCC_NO_COMMON_BLOCKS = YES;
				GCC_WARN_64_TO_32_BIT_CONVERSION = YES;
				GCC_WARN_ABOUT_RETURN_TYPE = YES_ERROR;
				GCC_WARN_UNDECLARED_SELECTOR = YES;
				GCC_WARN_UNINITIALIZED_AUTOS = YES_AGGRESSIVE;
				GCC_WARN_UNUSED_FUNCTION = YES;
				GCC_WARN_UNUSED_VARIABLE = YES;
				IPHONEOS_DEPLOYMENT_TARGET = 9.0;
				MTL_ENABLE_DEBUG_INFO = NO;
				SDKROOT = iphoneos;
				VALIDATE_PRODUCT = YES;
			};
			name = Release;
		};
		185B6D3F1BCE9F8400938CEB /* Debug */ = {
			isa = XCBuildConfiguration;
			buildSettings = {
				ASSETCATALOG_COMPILER_APPICON_NAME = AppIcon;
				INFOPLIST_FILE = "01-itcastLottery/Info.plist";
				IPHONEOS_DEPLOYMENT_TARGET = 7.1;
				LD_RUNPATH_SEARCH_PATHS = "$(inherited) @executable_path/Frameworks";
				PRODUCT_BUNDLE_IDENTIFIER = "daojiao.com.-1-itcastLottery";
				PRODUCT_NAME = "$(TARGET_NAME)";
			};
			name = Debug;
		};
		185B6D401BCE9F8400938CEB /* Release */ = {
			isa = XCBuildConfiguration;
			buildSettings = {
				ASSETCATALOG_COMPILER_APPICON_NAME = AppIcon;
				INFOPLIST_FILE = "01-itcastLottery/Info.plist";
				IPHONEOS_DEPLOYMENT_TARGET = 7.1;
				LD_RUNPATH_SEARCH_PATHS = "$(inherited) @executable_path/Frameworks";
				PRODUCT_BUNDLE_IDENTIFIER = "daojiao.com.-1-itcastLottery";
				PRODUCT_NAME = "$(TARGET_NAME)";
			};
			name = Release;
		};
		185B6D421BCE9F8400938CEB /* Debug */ = {
			isa = XCBuildConfiguration;
			buildSettings = {
				BUNDLE_LOADER = "$(TEST_HOST)";
				INFOPLIST_FILE = "01-itcastLotteryTests/Info.plist";
				LD_RUNPATH_SEARCH_PATHS = "$(inherited) @executable_path/Frameworks @loader_path/Frameworks";
				PRODUCT_BUNDLE_IDENTIFIER = "daojiao.com.-1-itcastLotteryTests";
				PRODUCT_NAME = "$(TARGET_NAME)";
				TEST_HOST = "$(BUILT_PRODUCTS_DIR)/01-itcastLottery.app/01-itcastLottery";
			};
			name = Debug;
		};
		185B6D431BCE9F8400938CEB /* Release */ = {
			isa = XCBuildConfiguration;
			buildSettings = {
				BUNDLE_LOADER = "$(TEST_HOST)";
				INFOPLIST_FILE = "01-itcastLotteryTests/Info.plist";
				LD_RUNPATH_SEARCH_PATHS = "$(inherited) @executable_path/Frameworks @loader_path/Frameworks";
				PRODUCT_BUNDLE_IDENTIFIER = "daojiao.com.-1-itcastLotteryTests";
				PRODUCT_NAME = "$(TARGET_NAME)";
				TEST_HOST = "$(BUILT_PRODUCTS_DIR)/01-itcastLottery.app/01-itcastLottery";
			};
			name = Release;
		};
		185B6D451BCE9F8400938CEB /* Debug */ = {
			isa = XCBuildConfiguration;
			buildSettings = {
				INFOPLIST_FILE = "01-itcastLotteryUITests/Info.plist";
				LD_RUNPATH_SEARCH_PATHS = "$(inherited) @executable_path/Frameworks @loader_path/Frameworks";
				PRODUCT_BUNDLE_IDENTIFIER = "daojiao.com.-1-itcastLotteryUITests";
				PRODUCT_NAME = "$(TARGET_NAME)";
				TEST_TARGET_NAME = "01-itcastLottery";
				USES_XCTRUNNER = YES;
			};
			name = Debug;
		};
		185B6D461BCE9F8400938CEB /* Release */ = {
			isa = XCBuildConfiguration;
			buildSettings = {
				INFOPLIST_FILE = "01-itcastLotteryUITests/Info.plist";
				LD_RUNPATH_SEARCH_PATHS = "$(inherited) @executable_path/Frameworks @loader_path/Frameworks";
				PRODUCT_BUNDLE_IDENTIFIER = "daojiao.com.-1-itcastLotteryUITests";
				PRODUCT_NAME = "$(TARGET_NAME)";
				TEST_TARGET_NAME = "01-itcastLottery";
				USES_XCTRUNNER = YES;
			};
			name = Release;
		};
/* End XCBuildConfiguration section */

/* Begin XCConfigurationList section */
		185B6D0C1BCE9F8400938CEB /* Build configuration list for PBXProject "01-itcastLottery" */ = {
			isa = XCConfigurationList;
			buildConfigurations = (
				185B6D3C1BCE9F8400938CEB /* Debug */,
				185B6D3D1BCE9F8400938CEB /* Release */,
			);
			defaultConfigurationIsVisible = 0;
			defaultConfigurationName = Release;
		};
		185B6D3E1BCE9F8400938CEB /* Build configuration list for PBXNativeTarget "01-itcastLottery" */ = {
			isa = XCConfigurationList;
			buildConfigurations = (
				185B6D3F1BCE9F8400938CEB /* Debug */,
				185B6D401BCE9F8400938CEB /* Release */,
			);
			defaultConfigurationIsVisible = 0;
			defaultConfigurationName = Release;
		};
		185B6D411BCE9F8400938CEB /* Build configuration list for PBXNativeTarget "01-itcastLotteryTests" */ = {
			isa = XCConfigurationList;
			buildConfigurations = (
				185B6D421BCE9F8400938CEB /* Debug */,
				185B6D431BCE9F8400938CEB /* Release */,
			);
			defaultConfigurationIsVisible = 0;
			defaultConfigurationName = Release;
		};
		185B6D441BCE9F8400938CEB /* Build configuration list for PBXNativeTarget "01-itcastLotteryUITests" */ = {
			isa = XCConfigurationList;
			buildConfigurations = (
				185B6D451BCE9F8400938CEB /* Debug */,
				185B6D461BCE9F8400938CEB /* Release */,
			);
			defaultConfigurationIsVisible = 0;
			defaultConfigurationName = Release;
		};
/* End XCConfigurationList section */
	};
	rootObject = 185B6D091BCE9F8400938CEB /* Project object */;
}
